
Microsoft Visual Studio Solution File, Format Version 12.00
# Visual Studio Version 16
VisualStudioVersion = 16.0.30804.86
MinimumVisualStudioVersion = 10.0.40219.1
Project("{9A19103F-16F7-4668-BE54-9A1E7A4F7556}") = "CountdownApi", "CountdownApi\CountdownApi.csproj", "{CA4CDD3A-57DC-42AF-889E-5A332613670C}"
EndProject
Project("{FAE04EC0-301F-11D3-BF4B-00C04F79EFBC}") = "CountdownApi.UnitTests", "CountdownApi.UnitTests\CountdownApi.UnitTests.csproj", "{DB44EBDD-6137-420F-A199-07B3B9708115}"
EndProject
Global
	GlobalSection(SolutionConfigurationPlatforms) = preSolution
		Debug|Any CPU = Debug|Any CPU
		Release|Any CPU = Release|Any CPU
	EndGlobalSection
	GlobalSection(ProjectConfigurationPlatforms) = postSolution
		{CA4CDD3A-57DC-42AF-889E-5A332613670C}.Debug|Any CPU.ActiveCfg = Debug|Any CPU
		{CA4CDD3A-57DC-42AF-889E-5A332613670C}.Debug|Any CPU.Build.0 = Debug|Any CPU
		{CA4CDD3A-57DC-42AF-889E-5A332613670C}.Release|Any CPU.ActiveCfg = Release|Any CPU
		{CA4CDD3A-57DC-42AF-889E-5A332613670C}.Release|Any CPU.Build.0 = Release|Any CPU
		{DB44EBDD-6137-420F-A199-07B3B9708115}.Debug|Any CPU.ActiveCfg = Debug|Any CPU
		{DB44EBDD-6137-420F-A199-07B3B9708115}.Debug|Any CPU.Build.0 = Debug|Any CPU
		{DB44EBDD-6137-420F-A199-07B3B9708115}.Release|Any CPU.ActiveCfg = Release|Any CPU
		{DB44EBDD-6137-420F-A199-07B3B9708115}.Release|Any CPU.Build.0 = Release|Any CPU
	EndGlobalSection
	GlobalSection(SolutionProperties) = preSolution
		HideSolutionNode = FALSE
	EndGlobalSection
	GlobalSection(ExtensibilityGlobals) = postSolution
		SolutionGuid = {F7DA8A4C-766E-4327-9201-DC85EAACD595}
	EndGlobalSection
EndGlobal
